{
  "name": "hello-run",
  "version": "1.0.0",
  "lockfileVersion": 3,
  "requires": true,
  "packages": {
    "": {
      "name": "hello-run",
      "version": "1.0.0",
      "license": "ISC",
      "dependencies": {
        "lib-test": "file:lib/lib-test-1.0.0.tgz"
      }
    },
    "node_modules/lib-test": {
      "version": "1.0.0",
      "resolved": "file:lib/lib-test-1.0.0.tgz",
      "integrity": "sha512-7TBPmAnii7btd2GvkpFmA9XhgwW2Y6QLS+F7i+TqU7ZS2mLEaMEus/0j2Tw9B61OzDLc7+Cmwh3dzaF7bJq9sg=="
    }
  }
}
